{
    "_readme": [
        "This file locks the dependencies of your project to a known state",
        "Read more about it at https://getcomposer.org/doc/01-basic-usage.md#composer-lock-the-lock-file",
        "This file is @generated automatically"
    ],
    "hash": "fcf7f96c39a056608bfd48c28703311a",
    "packages": [
        {
            "name": "phpmailer/phpmailer",
            "version": "v5.2.10",
            "source": {
                "type": "git",
                "url": "https://github.com/PHPMailer/PHPMailer.git",
                "reference": "07005ecbb80d11ec8c0f067bb37e8909cc7fcbb7"
            },
            "dist": {
                "type": "zip",
                "url": "https://api.github.com/repos/PHPMailer/PHPMailer/zipball/07005ecbb80d11ec8c0f067bb37e8909cc7fcbb7",
                "reference": "07005ecbb80d11ec8c0f067bb37e8909cc7fcbb7",
                "shasum": ""
            },
            "require": {
                "php": ">=5.0.0"
            },
            "require-dev": {
                "phpdocumentor/phpdocumentor": "*",
                "phpunit/phpunit": "4.3.*"
            },
            "type": "library",
            "autoload": {
                "classmap": [
                    "class.phpmailer.php",
                    "class.smtp.php",
                    "class.pop3.php",
                    "extras/EasyPeasyICS.php",
                    "extras/ntlm_sasl_client.php"
                ]
            },
            "notification-url": "https://packagist.org/downloads/",
            "license": [
                "LGPL-2.1"
            ],
            "authors": [
                {
                    "name": "Jim Jagielski",
                    "email": "jimjag@gmail.com"
                },
                {
                    "name": "Marcus Bointon",
                    "email": "phpmailer@synchromedia.co.uk"
                },
                {
                    "name": "Andy Prevost",
                    "email": "codeworxtech@users.sourceforge.net"
                },
                {
                    "name": "Brent R. Matzelle"
                }
            ],
            "description": "PHPMailer is a full-featured email creation and transfer class for PHP",
            "time": "2015-05-04 12:37:21"
        },
        {
            "name": "zendframework/zend-authentication",
            "version": "2.0.8",
            "target-dir": "Zend/Authentication",
            "source": {
                "type": "git",
                "url": "https://github.com/zendframework/Component_ZendAuthentication.git",
                "reference": "2e19292f1cb07a292a6582fc41978a48198e29c1"
            },
            "dist": {
                "type": "zip",
                "url": "https://api.github.com/repos/zendframework/Component_ZendAuthentication/zipball/2e19292f1cb07a292a6582fc41978a48198e29c1",
                "reference": "2e19292f1cb07a292a6582fc41978a48198e29c1",
                "shasum": ""
            },
            "require": {
                "php": ">=5.3.3",
                "zendframework/zend-stdlib": "self.version"
            },
            "suggest": {
                "zendframework/zend-db": "Zend\\Db component",
                "zendframework/zend-session": "Zend\\Session component",
                "zendframework/zend-uri": "Zend\\Uri component"
            },
            "type": "library",
            "autoload": {
                "psr-0": {
                    "Zend\\Authentication\\": ""
                }
            },
            "notification-url": "https://packagist.org/downloads/",
            "license": [
                "BSD-3-Clause"
            ],
            "description": "provides an API for authentication and includes concrete authentication adapters for common use case scenarios",
            "keywords": [
                "Authentication",
                "zf2"
            ],
            "time": "2013-01-22 20:50:52"
        },
        {
            "name": "zendframework/zend-permissions-acl",
            "version": "2.0.8",
            "target-dir": "Zend/Permissions/Acl",
            "source": {
                "type": "git",
                "url": "https://github.com/zendframework/Component_ZendPermissionsAcl.git",
                "reference": "58925a3c23a2b38a807a9894b1dc04ab7088aeae"
            },
            "dist": {
                "type": "zip",
                "url": "https://api.github.com/repos/zendframework/Component_ZendPermissionsAcl/zipball/58925a3c23a2b38a807a9894b1dc04ab7088aeae",
                "reference": "58925a3c23a2b38a807a9894b1dc04ab7088aeae",
                "shasum": ""
            },
            "require": {
                "php": ">=5.3.3"
            },
            "type": "library",
            "autoload": {
                "psr-0": {
                    "Zend\\Permissions\\Acl\\": ""
                }
            },
            "notification-url": "https://packagist.org/downloads/",
            "license": [
                "BSD-3-Clause"
            ],
            "description": "provides a lightweight and flexible access control list (ACL) implementation for privileges management",
            "keywords": [
                "acl",
                "zf2"
            ],
            "time": "2013-01-22 10:37:58"
        },
        {
            "name": "zendframework/zend-stdlib",
            "version": "2.0.8",
            "target-dir": "Zend/Stdlib",
            "source": {
                "type": "git",
                "url": "https://github.com/zendframework/Component_ZendStdlib.git",
                "reference": "955622d5b20e45c4cd2520f54cbca3b19cfec8c0"
            },
            "dist": {
                "type": "zip",
                "url": "https://api.github.com/repos/zendframework/Component_ZendStdlib/zipball/955622d5b20e45c4cd2520f54cbca3b19cfec8c0",
                "reference": "955622d5b20e45c4cd2520f54cbca3b19cfec8c0",
                "shasum": ""
            },
            "require": {
                "php": ">=5.3.3"
            },
            "suggest": {
                "pecl-weakref": "Implementation of weak references for Stdlib\\CallbackHandler"
            },
            "type": "library",
            "autoload": {
                "psr-0": {
                    "Zend\\Stdlib\\": ""
                }
            },
            "notification-url": "https://packagist.org/downloads/",
            "license": [
                "BSD-3-Clause"
            ],
            "keywords": [
                "stdlib",
                "zf2"
            ],
            "time": "2013-01-22 20:50:52"
        }
    ],
    "packages-dev": [],
    "aliases": [],
    "minimum-stability": "stable",
    "stability-flags": [],
    "prefer-stable": false,
    "prefer-lowest": false,
    "platform": {
        "php": ">=5.5.0"
    },
    "platform-dev": []
}
